
Microsoft Visual Studio Solution File, Format Version 12.00
# Visual Studio Version 17
VisualStudioVersion = 17.10.35013.160
MinimumVisualStudioVersion = 10.0.40219.1
Project("{FAE04EC0-301F-11D3-BF4B-00C04F79EFBC}") = "Testing", "Testing\Testing.csproj", "{8523DA02-0E4F-4EF5-BA9C-E7BEE7141F52}"
EndProject
Global
	GlobalSection(SolutionConfigurationPlatforms) = preSolution
		Debug|Any CPU = Debug|Any CPU
		Release|Any CPU = Release|Any CPU
	EndGlobalSection
	GlobalSection(ProjectConfigurationPlatforms) = postSolution
		{8523DA02-0E4F-4EF5-BA9C-E7BEE7141F52}.Debug|Any CPU.ActiveCfg = Debug|Any CPU
		{8523DA02-0E4F-4EF5-BA9C-E7BEE7141F52}.Debug|Any CPU.Build.0 = Debug|Any CPU
		{8523DA02-0E4F-4EF5-BA9C-E7BEE7141F52}.Release|Any CPU.ActiveCfg = Release|Any CPU
		{8523DA02-0E4F-4EF5-BA9C-E7BEE7141F52}.Release|Any CPU.Build.0 = Release|Any CPU
	EndGlobalSection
	GlobalSection(SolutionProperties) = preSolution
		HideSolutionNode = FALSE
	EndGlobalSection
	GlobalSection(ExtensibilityGlobals) = postSolution
		SolutionGuid = {3F18A450-D6BC-459F-9F25-835363B44C0E}
	EndGlobalSection
EndGlobal
