
Microsoft Visual Studio Solution File, Format Version 12.00
# Visual Studio Version 17
VisualStudioVersion = 17.10.35013.160
MinimumVisualStudioVersion = 10.0.40219.1
Project("{FAE04EC0-301F-11D3-BF4B-00C04F79EFBC}") = "messup02_28_7", "messup02_28_7\messup02_28_7.csproj", "{A3CC9045-8EEC-4E52-A281-85B8E837C56C}"
EndProject
Global
	GlobalSection(SolutionConfigurationPlatforms) = preSolution
		Debug|Any CPU = Debug|Any CPU
		Release|Any CPU = Release|Any CPU
	EndGlobalSection
	GlobalSection(ProjectConfigurationPlatforms) = postSolution
		{A3CC9045-8EEC-4E52-A281-85B8E837C56C}.Debug|Any CPU.ActiveCfg = Debug|Any CPU
		{A3CC9045-8EEC-4E52-A281-85B8E837C56C}.Debug|Any CPU.Build.0 = Debug|Any CPU
		{A3CC9045-8EEC-4E52-A281-85B8E837C56C}.Release|Any CPU.ActiveCfg = Release|Any CPU
		{A3CC9045-8EEC-4E52-A281-85B8E837C56C}.Release|Any CPU.Build.0 = Release|Any CPU
	EndGlobalSection
	GlobalSection(SolutionProperties) = preSolution
		HideSolutionNode = FALSE
	EndGlobalSection
	GlobalSection(ExtensibilityGlobals) = postSolution
		SolutionGuid = {CBC18FE5-B562-410B-BB4F-F355084CA74C}
	EndGlobalSection
EndGlobal
